
Microsoft Visual Studio Solution File, Format Version 12.00
Project("{FAE04EC0-301F-11D3-BF4B-00C04F79EFBC}") = "fhircsdatabases", "fhircsdatabases\fhircsdatabases.csproj", "{EE5CDF33-E63C-4F5B-86DA-4933DFFFAD0F}"
EndProject
Global
	GlobalSection(SolutionConfigurationPlatforms) = preSolution
		Debug|Any CPU = Debug|Any CPU
		Release|Any CPU = Release|Any CPU
	EndGlobalSection
	GlobalSection(ProjectConfigurationPlatforms) = postSolution
		{EE5CDF33-E63C-4F5B-86DA-4933DFFFAD0F}.Debug|Any CPU.ActiveCfg = Debug|Any CPU
		{EE5CDF33-E63C-4F5B-86DA-4933DFFFAD0F}.Debug|Any CPU.Build.0 = Debug|Any CPU
		{EE5CDF33-E63C-4F5B-86DA-4933DFFFAD0F}.Release|Any CPU.ActiveCfg = Release|Any CPU
		{EE5CDF33-E63C-4F5B-86DA-4933DFFFAD0F}.Release|Any CPU.Build.0 = Release|Any CPU
	EndGlobalSection
EndGlobal
